
Microsoft Visual Studio Solution File, Format Version 12.00
# Visual Studio 14
VisualStudioVersion = 14.0.25420.1
MinimumVisualStudioVersion = 10.0.40219.1
Project("{FAE04EC0-301F-11D3-BF4B-00C04F79EFBC}") = "Practic №2", "Practic №2\Practic №2.csproj", "{9886E6A4-63D8-47CE-8BF1-AC20DE9C6654}"
EndProject
Project("{FAE04EC0-301F-11D3-BF4B-00C04F79EFBC}") = "Practice №3", "Practice №3\Practice №3.csproj", "{0822A23F-F76B-4747-B9DB-0C25DEB5D5B0}"
EndProject
Project("{FAE04EC0-301F-11D3-BF4B-00C04F79EFBC}") = "Practice №4", "Practice №4\Practice №4.csproj", "{7877E1BC-EFF8-40C4-82A9-85AF6213AB6F}"
EndProject
Project("{FAE04EC0-301F-11D3-BF4B-00C04F79EFBC}") = "Practice №5", "Practice №5\Practice №5.csproj", "{C99CE4F4-F876-4FD3-9560-E864CDB5276D}"
EndProject
Project("{FAE04EC0-301F-11D3-BF4B-00C04F79EFBC}") = "Practice №6", "Practice №6\Practice №6.csproj", "{B3FBC747-023C-4AE0-B36E-AE615B418708}"
EndProject
Project("{FAE04EC0-301F-11D3-BF4B-00C04F79EFBC}") = "Practice №7", "Practice №7\Practice №7.csproj", "{047F5FA8-5AC7-433D-B94F-A8E1E5791412}"
EndProject
Project("{FAE04EC0-301F-11D3-BF4B-00C04F79EFBC}") = "Practice №9", "Practice №9\Practice №9.csproj", "{498CF098-DBE6-4969-81B7-4699AE708E44}"
EndProject
Project("{FAE04EC0-301F-11D3-BF4B-00C04F79EFBC}") = "Practic №8", "Practic №8\Practic №8.csproj", "{6D8A268B-CFB2-45D6-B9E1-3662166A8EA6}"
EndProject
Project("{FAE04EC0-301F-11D3-BF4B-00C04F79EFBC}") = "Practice 10", "Practice 10\Practice 10.csproj", "{BE12AAD0-273F-4B89-B476-9051896A7AEB}"
EndProject
Project("{FAE04EC0-301F-11D3-BF4B-00C04F79EFBC}") = "Practice №11", "Practice №11\Practice №11.csproj", "{9D59A59F-FE0E-4EE1-BE80-9D877B280B60}"
EndProject
Project("{FAE04EC0-301F-11D3-BF4B-00C04F79EFBC}") = "Practice №12", "Practice №12\Practice №12.csproj", "{DE32A3C0-5888-4BD8-BE69-396B492E3D6C}"
EndProject
Project("{FAE04EC0-301F-11D3-BF4B-00C04F79EFBC}") = "Practice №1", "Practice №1\Practice №1.csproj", "{BB5B45F5-2D9C-4F58-A623-7749A8985040}"
EndProject
Global
	GlobalSection(SolutionConfigurationPlatforms) = preSolution
		Debug|Any CPU = Debug|Any CPU
		Release|Any CPU = Release|Any CPU
	EndGlobalSection
	GlobalSection(ProjectConfigurationPlatforms) = postSolution
		{9886E6A4-63D8-47CE-8BF1-AC20DE9C6654}.Debug|Any CPU.ActiveCfg = Debug|Any CPU
		{9886E6A4-63D8-47CE-8BF1-AC20DE9C6654}.Debug|Any CPU.Build.0 = Debug|Any CPU
		{9886E6A4-63D8-47CE-8BF1-AC20DE9C6654}.Release|Any CPU.ActiveCfg = Release|Any CPU
		{9886E6A4-63D8-47CE-8BF1-AC20DE9C6654}.Release|Any CPU.Build.0 = Release|Any CPU
		{0822A23F-F76B-4747-B9DB-0C25DEB5D5B0}.Debug|Any CPU.ActiveCfg = Debug|Any CPU
		{0822A23F-F76B-4747-B9DB-0C25DEB5D5B0}.Debug|Any CPU.Build.0 = Debug|Any CPU
		{0822A23F-F76B-4747-B9DB-0C25DEB5D5B0}.Release|Any CPU.ActiveCfg = Release|Any CPU
		{0822A23F-F76B-4747-B9DB-0C25DEB5D5B0}.Release|Any CPU.Build.0 = Release|Any CPU
		{7877E1BC-EFF8-40C4-82A9-85AF6213AB6F}.Debug|Any CPU.ActiveCfg = Debug|Any CPU
		{7877E1BC-EFF8-40C4-82A9-85AF6213AB6F}.Debug|Any CPU.Build.0 = Debug|Any CPU
		{7877E1BC-EFF8-40C4-82A9-85AF6213AB6F}.Release|Any CPU.ActiveCfg = Release|Any CPU
		{7877E1BC-EFF8-40C4-82A9-85AF6213AB6F}.Release|Any CPU.Build.0 = Release|Any CPU
		{C99CE4F4-F876-4FD3-9560-E864CDB5276D}.Debug|Any CPU.ActiveCfg = Debug|Any CPU
		{C99CE4F4-F876-4FD3-9560-E864CDB5276D}.Debug|Any CPU.Build.0 = Debug|Any CPU
		{C99CE4F4-F876-4FD3-9560-E864CDB5276D}.Release|Any CPU.ActiveCfg = Release|Any CPU
		{C99CE4F4-F876-4FD3-9560-E864CDB5276D}.Release|Any CPU.Build.0 = Release|Any CPU
		{B3FBC747-023C-4AE0-B36E-AE615B418708}.Debug|Any CPU.ActiveCfg = Debug|Any CPU
		{B3FBC747-023C-4AE0-B36E-AE615B418708}.Debug|Any CPU.Build.0 = Debug|Any CPU
		{B3FBC747-023C-4AE0-B36E-AE615B418708}.Release|Any CPU.ActiveCfg = Release|Any CPU
		{B3FBC747-023C-4AE0-B36E-AE615B418708}.Release|Any CPU.Build.0 = Release|Any CPU
		{047F5FA8-5AC7-433D-B94F-A8E1E5791412}.Debug|Any CPU.ActiveCfg = Debug|Any CPU
		{047F5FA8-5AC7-433D-B94F-A8E1E5791412}.Debug|Any CPU.Build.0 = Debug|Any CPU
		{047F5FA8-5AC7-433D-B94F-A8E1E5791412}.Release|Any CPU.ActiveCfg = Release|Any CPU
		{047F5FA8-5AC7-433D-B94F-A8E1E5791412}.Release|Any CPU.Build.0 = Release|Any CPU
		{498CF098-DBE6-4969-81B7-4699AE708E44}.Debug|Any CPU.ActiveCfg = Debug|Any CPU
		{498CF098-DBE6-4969-81B7-4699AE708E44}.Debug|Any CPU.Build.0 = Debug|Any CPU
		{498CF098-DBE6-4969-81B7-4699AE708E44}.Release|Any CPU.ActiveCfg = Release|Any CPU
		{498CF098-DBE6-4969-81B7-4699AE708E44}.Release|Any CPU.Build.0 = Release|Any CPU
		{6D8A268B-CFB2-45D6-B9E1-3662166A8EA6}.Debug|Any CPU.ActiveCfg = Debug|Any CPU
		{6D8A268B-CFB2-45D6-B9E1-3662166A8EA6}.Debug|Any CPU.Build.0 = Debug|Any CPU
		{6D8A268B-CFB2-45D6-B9E1-3662166A8EA6}.Release|Any CPU.ActiveCfg = Release|Any CPU
		{6D8A268B-CFB2-45D6-B9E1-3662166A8EA6}.Release|Any CPU.Build.0 = Release|Any CPU
		{BE12AAD0-273F-4B89-B476-9051896A7AEB}.Debug|Any CPU.ActiveCfg = Debug|Any CPU
		{BE12AAD0-273F-4B89-B476-9051896A7AEB}.Debug|Any CPU.Build.0 = Debug|Any CPU
		{BE12AAD0-273F-4B89-B476-9051896A7AEB}.Release|Any CPU.ActiveCfg = Release|Any CPU
		{BE12AAD0-273F-4B89-B476-9051896A7AEB}.Release|Any CPU.Build.0 = Release|Any CPU
		{9D59A59F-FE0E-4EE1-BE80-9D877B280B60}.Debug|Any CPU.ActiveCfg = Debug|Any CPU
		{9D59A59F-FE0E-4EE1-BE80-9D877B280B60}.Debug|Any CPU.Build.0 = Debug|Any CPU
		{9D59A59F-FE0E-4EE1-BE80-9D877B280B60}.Release|Any CPU.ActiveCfg = Release|Any CPU
		{9D59A59F-FE0E-4EE1-BE80-9D877B280B60}.Release|Any CPU.Build.0 = Release|Any CPU
		{DE32A3C0-5888-4BD8-BE69-396B492E3D6C}.Debug|Any CPU.ActiveCfg = Debug|Any CPU
		{DE32A3C0-5888-4BD8-BE69-396B492E3D6C}.Debug|Any CPU.Build.0 = Debug|Any CPU
		{DE32A3C0-5888-4BD8-BE69-396B492E3D6C}.Release|Any CPU.ActiveCfg = Release|Any CPU
		{DE32A3C0-5888-4BD8-BE69-396B492E3D6C}.Release|Any CPU.Build.0 = Release|Any CPU
		{BB5B45F5-2D9C-4F58-A623-7749A8985040}.Debug|Any CPU.ActiveCfg = Debug|Any CPU
		{BB5B45F5-2D9C-4F58-A623-7749A8985040}.Debug|Any CPU.Build.0 = Debug|Any CPU
		{BB5B45F5-2D9C-4F58-A623-7749A8985040}.Release|Any CPU.ActiveCfg = Release|Any CPU
		{BB5B45F5-2D9C-4F58-A623-7749A8985040}.Release|Any CPU.Build.0 = Release|Any CPU
	EndGlobalSection
	GlobalSection(SolutionProperties) = preSolution
		HideSolutionNode = FALSE
	EndGlobalSection
EndGlobal
